
Microsoft Visual Studio Solution File, Format Version 12.00
# Visual Studio Version 17
VisualStudioVersion = 17.5.002.0
MinimumVisualStudioVersion = 10.0.40219.1
Project("{9A19103F-16F7-4668-BE54-9A1E7A4F7556}") = "TodoApi", "TodoApi.csproj", "{BA6D06DB-D98B-4788-AB6F-CE5634B8EBEC}"
EndProject
Global
	GlobalSection(SolutionConfigurationPlatforms) = preSolution
		Debug|Any CPU = Debug|Any CPU
		Release|Any CPU = Release|Any CPU
	EndGlobalSection
	GlobalSection(ProjectConfigurationPlatforms) = postSolution
		{BA6D06DB-D98B-4788-AB6F-CE5634B8EBEC}.Debug|Any CPU.ActiveCfg = Debug|Any CPU
		{BA6D06DB-D98B-4788-AB6F-CE5634B8EBEC}.Debug|Any CPU.Build.0 = Debug|Any CPU
		{BA6D06DB-D98B-4788-AB6F-CE5634B8EBEC}.Release|Any CPU.ActiveCfg = Release|Any CPU
		{BA6D06DB-D98B-4788-AB6F-CE5634B8EBEC}.Release|Any CPU.Build.0 = Release|Any CPU
	EndGlobalSection
	GlobalSection(SolutionProperties) = preSolution
		HideSolutionNode = FALSE
	EndGlobalSection
	GlobalSection(ExtensibilityGlobals) = postSolution
		SolutionGuid = {70D84FE4-8FA7-4708-9904-74D227ED7DB7}
	EndGlobalSection
EndGlobal
